
Microsoft Visual Studio Solution File, Format Version 12.00
# Visual Studio Version 17
VisualStudioVersion = 17.9.34714.143
MinimumVisualStudioVersion = 10.0.40219.1
Project("{FAE04EC0-301F-11D3-BF4B-00C04F79EFBC}") = "Practice2", "Practice2\Practice2.csproj", "{3C811538-0AFA-4139-8966-E8FC18C59053}"
EndProject
Global
	GlobalSection(SolutionConfigurationPlatforms) = preSolution
		Debug|Any CPU = Debug|Any CPU
		Release|Any CPU = Release|Any CPU
	EndGlobalSection
	GlobalSection(ProjectConfigurationPlatforms) = postSolution
		{3C811538-0AFA-4139-8966-E8FC18C59053}.Debug|Any CPU.ActiveCfg = Debug|Any CPU
		{3C811538-0AFA-4139-8966-E8FC18C59053}.Debug|Any CPU.Build.0 = Debug|Any CPU
		{3C811538-0AFA-4139-8966-E8FC18C59053}.Release|Any CPU.ActiveCfg = Release|Any CPU
		{3C811538-0AFA-4139-8966-E8FC18C59053}.Release|Any CPU.Build.0 = Release|Any CPU
	EndGlobalSection
	GlobalSection(SolutionProperties) = preSolution
		HideSolutionNode = FALSE
	EndGlobalSection
	GlobalSection(ExtensibilityGlobals) = postSolution
		SolutionGuid = {633B863B-02E8-4E67-AFBF-B71628B3F095}
	EndGlobalSection
EndGlobal
